
Microsoft Visual Studio Solution File, Format Version 12.00
# Visual Studio Version 17
VisualStudioVersion = 17.4.33122.133
MinimumVisualStudioVersion = 10.0.40219.1
Project("{FAE04EC0-301F-11D3-BF4B-00C04F79EFBC}") = "DandDCompany", "DandDCompany.csproj", "{F4A651F4-8852-4F17-9562-8E159CFE2C23}"
	ProjectSection(ProjectDependencies) = postProject
		{3E9C3F9E-F523-4FC8-BEEA-B51744BE9C55} = {3E9C3F9E-F523-4FC8-BEEA-B51744BE9C55}
	EndProjectSection
EndProject
Project("{FAE04EC0-301F-11D3-BF4B-00C04F79EFBC}") = "DTO", "..\DTO\DTO.csproj", "{3E9C3F9E-F523-4FC8-BEEA-B51744BE9C55}"
	ProjectSection(ProjectDependencies) = postProject
		{4CA3A22C-0F13-49CE-9B72-2FC95779B8DB} = {4CA3A22C-0F13-49CE-9B72-2FC95779B8DB}
	EndProjectSection
EndProject
Project("{FAE04EC0-301F-11D3-BF4B-00C04F79EFBC}") = "DataBase", "..\DataBase\DataBase.csproj", "{4CA3A22C-0F13-49CE-9B72-2FC95779B8DB}"
EndProject
Global
	GlobalSection(SolutionConfigurationPlatforms) = preSolution
		Debug|Any CPU = Debug|Any CPU
		Release|Any CPU = Release|Any CPU
	EndGlobalSection
	GlobalSection(ProjectConfigurationPlatforms) = postSolution
		{F4A651F4-8852-4F17-9562-8E159CFE2C23}.Debug|Any CPU.ActiveCfg = Debug|Any CPU
		{F4A651F4-8852-4F17-9562-8E159CFE2C23}.Debug|Any CPU.Build.0 = Debug|Any CPU
		{F4A651F4-8852-4F17-9562-8E159CFE2C23}.Release|Any CPU.ActiveCfg = Release|Any CPU
		{F4A651F4-8852-4F17-9562-8E159CFE2C23}.Release|Any CPU.Build.0 = Release|Any CPU
		{3E9C3F9E-F523-4FC8-BEEA-B51744BE9C55}.Debug|Any CPU.ActiveCfg = Debug|Any CPU
		{3E9C3F9E-F523-4FC8-BEEA-B51744BE9C55}.Debug|Any CPU.Build.0 = Debug|Any CPU
		{3E9C3F9E-F523-4FC8-BEEA-B51744BE9C55}.Release|Any CPU.ActiveCfg = Release|Any CPU
		{3E9C3F9E-F523-4FC8-BEEA-B51744BE9C55}.Release|Any CPU.Build.0 = Release|Any CPU
		{4CA3A22C-0F13-49CE-9B72-2FC95779B8DB}.Debug|Any CPU.ActiveCfg = Debug|Any CPU
		{4CA3A22C-0F13-49CE-9B72-2FC95779B8DB}.Debug|Any CPU.Build.0 = Debug|Any CPU
		{4CA3A22C-0F13-49CE-9B72-2FC95779B8DB}.Release|Any CPU.ActiveCfg = Release|Any CPU
		{4CA3A22C-0F13-49CE-9B72-2FC95779B8DB}.Release|Any CPU.Build.0 = Release|Any CPU
	EndGlobalSection
	GlobalSection(SolutionProperties) = preSolution
		HideSolutionNode = FALSE
	EndGlobalSection
	GlobalSection(ExtensibilityGlobals) = postSolution
		SolutionGuid = {2B96CCB7-FEA7-4581-9A9B-CFAD02B0CF9A}
	EndGlobalSection
EndGlobal
